
Microsoft Visual Studio Solution File, Format Version 12.00
# Visual Studio 15
VisualStudioVersion = 15.0.27703.2042
MinimumVisualStudioVersion = 10.0.40219.1
Project("{FAE04EC0-301F-11D3-BF4B-00C04F79EFBC}") = "DistanceConverter", "DistanceConverter\DistanceConverter.csproj", "{A038A139-3BFE-44AC-937F-52386154144E}"
EndProject
Project("{FAE04EC0-301F-11D3-BF4B-00C04F79EFBC}") = "SaleCalculator", "SaleCalculator\SaleCalculator.csproj", "{A2170C77-33F2-47FC-96B8-26AB9774CDA2}"
EndProject
Global
	GlobalSection(SolutionConfigurationPlatforms) = preSolution
		Debug|Any CPU = Debug|Any CPU
		Release|Any CPU = Release|Any CPU
	EndGlobalSection
	GlobalSection(ProjectConfigurationPlatforms) = postSolution
		{A038A139-3BFE-44AC-937F-52386154144E}.Debug|Any CPU.ActiveCfg = Debug|Any CPU
		{A038A139-3BFE-44AC-937F-52386154144E}.Debug|Any CPU.Build.0 = Debug|Any CPU
		{A038A139-3BFE-44AC-937F-52386154144E}.Release|Any CPU.ActiveCfg = Release|Any CPU
		{A038A139-3BFE-44AC-937F-52386154144E}.Release|Any CPU.Build.0 = Release|Any CPU
		{A2170C77-33F2-47FC-96B8-26AB9774CDA2}.Debug|Any CPU.ActiveCfg = Debug|Any CPU
		{A2170C77-33F2-47FC-96B8-26AB9774CDA2}.Debug|Any CPU.Build.0 = Debug|Any CPU
		{A2170C77-33F2-47FC-96B8-26AB9774CDA2}.Release|Any CPU.ActiveCfg = Release|Any CPU
		{A2170C77-33F2-47FC-96B8-26AB9774CDA2}.Release|Any CPU.Build.0 = Release|Any CPU
	EndGlobalSection
	GlobalSection(SolutionProperties) = preSolution
		HideSolutionNode = FALSE
	EndGlobalSection
	GlobalSection(ExtensibilityGlobals) = postSolution
		SolutionGuid = {E2FFF314-5618-413D-AABE-B3FE5698B2F2}
	EndGlobalSection
EndGlobal
